
Microsoft Visual Studio Solution File, Format Version 12.00
Project("{2150E333-8FDC-42A3-9474-1A3956D46DE8}") = "Modules", "Modules", "{B206B83C-9619-4255-8855-9EB57DB53658}"
EndProject
Project("{2150E333-8FDC-42A3-9474-1A3956D46DE8}") = "OrderBook", "OrderBook", "{3C5E0D1F-4C1B-44A9-B409-4A2AA96A759E}"
EndProject
Project("{FAE04EC0-301F-11D3-BF4B-00C04F79EFBC}") = "PopcornMarket.OrderBook.Domain", "PopcornMarket.OrderBook.Domain\PopcornMarket.OrderBook.Domain.csproj", "{C1F82E83-AC26-4102-AD61-9A4BAAFE60AD}"
EndProject
Project("{2150E333-8FDC-42A3-9474-1A3956D46DE8}") = "SolutionItems", "SolutionItems", "{1CBDB39A-5273-4DB6-A52E-C0162C149D8D}"
	ProjectSection(SolutionItems) = preProject
		.editorconfig = .editorconfig
		Directory.Build.props = Directory.Build.props
		global.json = global.json
	EndProjectSection
EndProject
Project("{FAE04EC0-301F-11D3-BF4B-00C04F79EFBC}") = "PopcornMarket.OrderBook.Infrastructure", "PopcornMarket.OrderBook.Infrastructure\PopcornMarket.OrderBook.Infrastructure.csproj", "{C838E498-A370-45CF-8323-608ACC9D80DB}"
EndProject
Project("{2150E333-8FDC-42A3-9474-1A3956D46DE8}") = "Iac", "Iac", "{C98694BA-B4E6-4DAA-A9B6-D9207EB9E570}"
	ProjectSection(SolutionItems) = preProject
		..\..\iac\docker-compose.yml = ..\..\iac\docker-compose.yml
	EndProjectSection
EndProject
Project("{FAE04EC0-301F-11D3-BF4B-00C04F79EFBC}") = "PopcornMarket.OrderBook.Persistence", "PopcornMarket.OrderBook.Persistence\PopcornMarket.OrderBook.Persistence.csproj", "{5910B0B1-76C4-4003-A3B8-8F7276065BD4}"
EndProject
Project("{2150E333-8FDC-42A3-9474-1A3956D46DE8}") = "FinancialAtlas", "FinancialAtlas", "{E2DFB3EA-B59C-43AF-B08B-2421F46344E3}"
EndProject
Project("{FAE04EC0-301F-11D3-BF4B-00C04F79EFBC}") = "PopcornMarket.FinancialAtlas.Domain", "PopcornMarket.FinancialAtlas.Domain\PopcornMarket.FinancialAtlas.Domain.csproj", "{CBBA8CFE-F696-450F-9DD2-28E0A76D9B98}"
EndProject
Project("{FAE04EC0-301F-11D3-BF4B-00C04F79EFBC}") = "PopcornMarket.SharedKernel", "PopcornMarket.SharedKernel\PopcornMarket.SharedKernel.csproj", "{992D0241-9471-47C3-98C8-08AB255A6CFB}"
EndProject
Project("{FAE04EC0-301F-11D3-BF4B-00C04F79EFBC}") = "PopcornMarket.FinancialAtlas.Persistence", "PopcornMarket.FinancialAtlas.Persistence\PopcornMarket.FinancialAtlas.Persistence.csproj", "{2484D067-D6B5-4F81-8BC7-B73EE677C5D1}"
EndProject
Project("{FAE04EC0-301F-11D3-BF4B-00C04F79EFBC}") = "PopcornMarket.FinancialAtlas.Application", "PopcornMarket.FinancialAtlas.Application\PopcornMarket.FinancialAtlas.Application.csproj", "{20F2BE23-8A58-48AB-92DE-0B42C5B46934}"
EndProject
Project("{FAE04EC0-301F-11D3-BF4B-00C04F79EFBC}") = "PopcornMarket.FinancialAtlas.Api", "PopcornMarket.FinancialAtlas.Api\PopcornMarket.FinancialAtlas.Api.csproj", "{E0439E36-9E1B-4362-A017-D1F77BDD2B6D}"
EndProject
Project("{2150E333-8FDC-42A3-9474-1A3956D46DE8}") = "FinancialTimes", "FinancialTimes", "{BC399CE8-EC54-4207-A3F1-500EDF6010EC}"
EndProject
Project("{FAE04EC0-301F-11D3-BF4B-00C04F79EFBC}") = "PopcornMarket.FinancialTimes.Domain", "PopcornMarket.FinancialTimes.Domain\PopcornMarket.FinancialTimes.Domain.csproj", "{3702EB43-4A44-4AD2-B966-3E93156F36CF}"
EndProject
Project("{FAE04EC0-301F-11D3-BF4B-00C04F79EFBC}") = "PopcornMarket.FinancialTimes.Persistence", "PopcornMarket.FinancialTimes.Persistence\PopcornMarket.FinancialTimes.Persistence.csproj", "{41EC5A57-4783-4FB1-9279-23884C714B21}"
EndProject
Project("{FAE04EC0-301F-11D3-BF4B-00C04F79EFBC}") = "PopcornMarket.FinancialTimes.Application", "PopcornMarket.FinancialTimes.Application\PopcornMarket.FinancialTimes.Application.csproj", "{49AEFC96-CED9-4D96-BC2D-3DC79B31B857}"
EndProject
Project("{2150E333-8FDC-42A3-9474-1A3956D46DE8}") = "Tests", "Tests", "{55EB32CD-CAEB-4768-A6AD-A0F64D701FFF}"
EndProject
Project("{FAE04EC0-301F-11D3-BF4B-00C04F79EFBC}") = "PopcornMarket.FinancialTimes.ArchitectureTests", "PopcornMarket.FinancialTimes.ArchitectureTests\PopcornMarket.FinancialTimes.ArchitectureTests.csproj", "{536C4B6A-DE68-4985-921A-5FEA9C876AF3}"
EndProject
Project("{FAE04EC0-301F-11D3-BF4B-00C04F79EFBC}") = "PopcornMarket.FinancialTimes.Api", "PopcornMarket.FinancialTimes.Api\PopcornMarket.FinancialTimes.Api.csproj", "{6C0045E4-3E48-4818-AC98-766AAA4D84DA}"
EndProject
Project("{FAE04EC0-301F-11D3-BF4B-00C04F79EFBC}") = "PopcornMarket.FinancialTimes.Contracts", "PopcornMarket.FinancialTimes.Contracts\PopcornMarket.FinancialTimes.Contracts.csproj", "{8E63D3FC-A089-4449-B5FE-7EC18C30D63D}"
EndProject
Project("{2150E333-8FDC-42A3-9474-1A3956D46DE8}") = "Contracts", "Contracts", "{EEC4F2E5-0AEC-48D0-9B79-05AF2E4065C2}"
EndProject
Project("{FAE04EC0-301F-11D3-BF4B-00C04F79EFBC}") = "PopcornMarket.FinancialAtlas.Contracts", "PopcornMarket.FinancialAtlas.Contracts\PopcornMarket.FinancialAtlas.Contracts.csproj", "{D298EE24-013B-4D1F-B71E-5A9A6CD9B156}"
EndProject
Project("{FAE04EC0-301F-11D3-BF4B-00C04F79EFBC}") = "PopcornMarktet.OrderBook.Application", "PopcornMarktet.OrderBook.Application\PopcornMarktet.OrderBook.Application.csproj", "{77BDFA23-E81E-4AD2-9700-47C54A24A092}"
EndProject
Project("{2150E333-8FDC-42A3-9474-1A3956D46DE8}") = "CoinjurerBroker", "CoinjurerBroker", "{D5880F38-3B16-431F-A071-186553BDE757}"
EndProject
Project("{FAE04EC0-301F-11D3-BF4B-00C04F79EFBC}") = "PopcornMarket.FinancialAtlas.Infrastructure", "PopcornMarket.FinancialAtlas.Infrastructure\PopcornMarket.FinancialAtlas.Infrastructure.csproj", "{BD41E4BD-73ED-4800-9D98-EDC5EE411896}"
EndProject
Project("{FAE04EC0-301F-11D3-BF4B-00C04F79EFBC}") = "PopcornMarket.Messaging.Contracts", "PopcornMarket.Messaging.Contracts\PopcornMarket.Messaging.Contracts.csproj", "{8ADE56AE-5A4B-4A38-ADF4-AEC791B7E950}"
EndProject
Project("{FAE04EC0-301F-11D3-BF4B-00C04F79EFBC}") = "PopcornMarket.FinancialTimes.Infrastructure", "PopcornMarket.FinancialTimes.Infrastructure\PopcornMarket.FinancialTimes.Infrastructure.csproj", "{E78499CD-AD74-4AD8-AC8E-4C6A3942CF1B}"
EndProject
Global
	GlobalSection(SolutionConfigurationPlatforms) = preSolution
		Debug|Any CPU = Debug|Any CPU
		Release|Any CPU = Release|Any CPU
	EndGlobalSection
	GlobalSection(NestedProjects) = preSolution
		{3C5E0D1F-4C1B-44A9-B409-4A2AA96A759E} = {B206B83C-9619-4255-8855-9EB57DB53658}
		{C1F82E83-AC26-4102-AD61-9A4BAAFE60AD} = {3C5E0D1F-4C1B-44A9-B409-4A2AA96A759E}
		{C838E498-A370-45CF-8323-608ACC9D80DB} = {3C5E0D1F-4C1B-44A9-B409-4A2AA96A759E}
		{5910B0B1-76C4-4003-A3B8-8F7276065BD4} = {3C5E0D1F-4C1B-44A9-B409-4A2AA96A759E}
		{E2DFB3EA-B59C-43AF-B08B-2421F46344E3} = {B206B83C-9619-4255-8855-9EB57DB53658}
		{CBBA8CFE-F696-450F-9DD2-28E0A76D9B98} = {E2DFB3EA-B59C-43AF-B08B-2421F46344E3}
		{2484D067-D6B5-4F81-8BC7-B73EE677C5D1} = {E2DFB3EA-B59C-43AF-B08B-2421F46344E3}
		{20F2BE23-8A58-48AB-92DE-0B42C5B46934} = {E2DFB3EA-B59C-43AF-B08B-2421F46344E3}
		{E0439E36-9E1B-4362-A017-D1F77BDD2B6D} = {E2DFB3EA-B59C-43AF-B08B-2421F46344E3}
		{BC399CE8-EC54-4207-A3F1-500EDF6010EC} = {B206B83C-9619-4255-8855-9EB57DB53658}
		{3702EB43-4A44-4AD2-B966-3E93156F36CF} = {BC399CE8-EC54-4207-A3F1-500EDF6010EC}
		{41EC5A57-4783-4FB1-9279-23884C714B21} = {BC399CE8-EC54-4207-A3F1-500EDF6010EC}
		{49AEFC96-CED9-4D96-BC2D-3DC79B31B857} = {BC399CE8-EC54-4207-A3F1-500EDF6010EC}
		{55EB32CD-CAEB-4768-A6AD-A0F64D701FFF} = {BC399CE8-EC54-4207-A3F1-500EDF6010EC}
		{536C4B6A-DE68-4985-921A-5FEA9C876AF3} = {55EB32CD-CAEB-4768-A6AD-A0F64D701FFF}
		{6C0045E4-3E48-4818-AC98-766AAA4D84DA} = {BC399CE8-EC54-4207-A3F1-500EDF6010EC}
		{8E63D3FC-A089-4449-B5FE-7EC18C30D63D} = {EEC4F2E5-0AEC-48D0-9B79-05AF2E4065C2}
		{D298EE24-013B-4D1F-B71E-5A9A6CD9B156} = {EEC4F2E5-0AEC-48D0-9B79-05AF2E4065C2}
		{77BDFA23-E81E-4AD2-9700-47C54A24A092} = {3C5E0D1F-4C1B-44A9-B409-4A2AA96A759E}
		{D5880F38-3B16-431F-A071-186553BDE757} = {B206B83C-9619-4255-8855-9EB57DB53658}
		{BD41E4BD-73ED-4800-9D98-EDC5EE411896} = {E2DFB3EA-B59C-43AF-B08B-2421F46344E3}
		{8ADE56AE-5A4B-4A38-ADF4-AEC791B7E950} = {EEC4F2E5-0AEC-48D0-9B79-05AF2E4065C2}
		{E78499CD-AD74-4AD8-AC8E-4C6A3942CF1B} = {BC399CE8-EC54-4207-A3F1-500EDF6010EC}
	EndGlobalSection
	GlobalSection(ProjectConfigurationPlatforms) = postSolution
		{C1F82E83-AC26-4102-AD61-9A4BAAFE60AD}.Debug|Any CPU.ActiveCfg = Debug|Any CPU
		{C1F82E83-AC26-4102-AD61-9A4BAAFE60AD}.Debug|Any CPU.Build.0 = Debug|Any CPU
		{C1F82E83-AC26-4102-AD61-9A4BAAFE60AD}.Release|Any CPU.ActiveCfg = Release|Any CPU
		{C1F82E83-AC26-4102-AD61-9A4BAAFE60AD}.Release|Any CPU.Build.0 = Release|Any CPU
		{C838E498-A370-45CF-8323-608ACC9D80DB}.Debug|Any CPU.ActiveCfg = Debug|Any CPU
		{C838E498-A370-45CF-8323-608ACC9D80DB}.Debug|Any CPU.Build.0 = Debug|Any CPU
		{C838E498-A370-45CF-8323-608ACC9D80DB}.Release|Any CPU.ActiveCfg = Release|Any CPU
		{C838E498-A370-45CF-8323-608ACC9D80DB}.Release|Any CPU.Build.0 = Release|Any CPU
		{5910B0B1-76C4-4003-A3B8-8F7276065BD4}.Debug|Any CPU.ActiveCfg = Debug|Any CPU
		{5910B0B1-76C4-4003-A3B8-8F7276065BD4}.Debug|Any CPU.Build.0 = Debug|Any CPU
		{5910B0B1-76C4-4003-A3B8-8F7276065BD4}.Release|Any CPU.ActiveCfg = Release|Any CPU
		{5910B0B1-76C4-4003-A3B8-8F7276065BD4}.Release|Any CPU.Build.0 = Release|Any CPU
		{CBBA8CFE-F696-450F-9DD2-28E0A76D9B98}.Debug|Any CPU.ActiveCfg = Debug|Any CPU
		{CBBA8CFE-F696-450F-9DD2-28E0A76D9B98}.Debug|Any CPU.Build.0 = Debug|Any CPU
		{CBBA8CFE-F696-450F-9DD2-28E0A76D9B98}.Release|Any CPU.ActiveCfg = Release|Any CPU
		{CBBA8CFE-F696-450F-9DD2-28E0A76D9B98}.Release|Any CPU.Build.0 = Release|Any CPU
		{992D0241-9471-47C3-98C8-08AB255A6CFB}.Debug|Any CPU.ActiveCfg = Debug|Any CPU
		{992D0241-9471-47C3-98C8-08AB255A6CFB}.Debug|Any CPU.Build.0 = Debug|Any CPU
		{992D0241-9471-47C3-98C8-08AB255A6CFB}.Release|Any CPU.ActiveCfg = Release|Any CPU
		{992D0241-9471-47C3-98C8-08AB255A6CFB}.Release|Any CPU.Build.0 = Release|Any CPU
		{2484D067-D6B5-4F81-8BC7-B73EE677C5D1}.Debug|Any CPU.ActiveCfg = Debug|Any CPU
		{2484D067-D6B5-4F81-8BC7-B73EE677C5D1}.Debug|Any CPU.Build.0 = Debug|Any CPU
		{2484D067-D6B5-4F81-8BC7-B73EE677C5D1}.Release|Any CPU.ActiveCfg = Release|Any CPU
		{2484D067-D6B5-4F81-8BC7-B73EE677C5D1}.Release|Any CPU.Build.0 = Release|Any CPU
		{20F2BE23-8A58-48AB-92DE-0B42C5B46934}.Debug|Any CPU.ActiveCfg = Debug|Any CPU
		{20F2BE23-8A58-48AB-92DE-0B42C5B46934}.Debug|Any CPU.Build.0 = Debug|Any CPU
		{20F2BE23-8A58-48AB-92DE-0B42C5B46934}.Release|Any CPU.ActiveCfg = Release|Any CPU
		{20F2BE23-8A58-48AB-92DE-0B42C5B46934}.Release|Any CPU.Build.0 = Release|Any CPU
		{E0439E36-9E1B-4362-A017-D1F77BDD2B6D}.Debug|Any CPU.ActiveCfg = Debug|Any CPU
		{E0439E36-9E1B-4362-A017-D1F77BDD2B6D}.Debug|Any CPU.Build.0 = Debug|Any CPU
		{E0439E36-9E1B-4362-A017-D1F77BDD2B6D}.Release|Any CPU.ActiveCfg = Release|Any CPU
		{E0439E36-9E1B-4362-A017-D1F77BDD2B6D}.Release|Any CPU.Build.0 = Release|Any CPU
		{3702EB43-4A44-4AD2-B966-3E93156F36CF}.Debug|Any CPU.ActiveCfg = Debug|Any CPU
		{3702EB43-4A44-4AD2-B966-3E93156F36CF}.Debug|Any CPU.Build.0 = Debug|Any CPU
		{3702EB43-4A44-4AD2-B966-3E93156F36CF}.Release|Any CPU.ActiveCfg = Release|Any CPU
		{3702EB43-4A44-4AD2-B966-3E93156F36CF}.Release|Any CPU.Build.0 = Release|Any CPU
		{41EC5A57-4783-4FB1-9279-23884C714B21}.Debug|Any CPU.ActiveCfg = Debug|Any CPU
		{41EC5A57-4783-4FB1-9279-23884C714B21}.Debug|Any CPU.Build.0 = Debug|Any CPU
		{41EC5A57-4783-4FB1-9279-23884C714B21}.Release|Any CPU.ActiveCfg = Release|Any CPU
		{41EC5A57-4783-4FB1-9279-23884C714B21}.Release|Any CPU.Build.0 = Release|Any CPU
		{49AEFC96-CED9-4D96-BC2D-3DC79B31B857}.Debug|Any CPU.ActiveCfg = Debug|Any CPU
		{49AEFC96-CED9-4D96-BC2D-3DC79B31B857}.Debug|Any CPU.Build.0 = Debug|Any CPU
		{49AEFC96-CED9-4D96-BC2D-3DC79B31B857}.Release|Any CPU.ActiveCfg = Release|Any CPU
		{49AEFC96-CED9-4D96-BC2D-3DC79B31B857}.Release|Any CPU.Build.0 = Release|Any CPU
		{536C4B6A-DE68-4985-921A-5FEA9C876AF3}.Debug|Any CPU.ActiveCfg = Debug|Any CPU
		{536C4B6A-DE68-4985-921A-5FEA9C876AF3}.Debug|Any CPU.Build.0 = Debug|Any CPU
		{536C4B6A-DE68-4985-921A-5FEA9C876AF3}.Release|Any CPU.ActiveCfg = Release|Any CPU
		{536C4B6A-DE68-4985-921A-5FEA9C876AF3}.Release|Any CPU.Build.0 = Release|Any CPU
		{6C0045E4-3E48-4818-AC98-766AAA4D84DA}.Debug|Any CPU.ActiveCfg = Debug|Any CPU
		{6C0045E4-3E48-4818-AC98-766AAA4D84DA}.Debug|Any CPU.Build.0 = Debug|Any CPU
		{6C0045E4-3E48-4818-AC98-766AAA4D84DA}.Release|Any CPU.ActiveCfg = Release|Any CPU
		{6C0045E4-3E48-4818-AC98-766AAA4D84DA}.Release|Any CPU.Build.0 = Release|Any CPU
		{8E63D3FC-A089-4449-B5FE-7EC18C30D63D}.Debug|Any CPU.ActiveCfg = Debug|Any CPU
		{8E63D3FC-A089-4449-B5FE-7EC18C30D63D}.Debug|Any CPU.Build.0 = Debug|Any CPU
		{8E63D3FC-A089-4449-B5FE-7EC18C30D63D}.Release|Any CPU.ActiveCfg = Release|Any CPU
		{8E63D3FC-A089-4449-B5FE-7EC18C30D63D}.Release|Any CPU.Build.0 = Release|Any CPU
		{D298EE24-013B-4D1F-B71E-5A9A6CD9B156}.Debug|Any CPU.ActiveCfg = Debug|Any CPU
		{D298EE24-013B-4D1F-B71E-5A9A6CD9B156}.Debug|Any CPU.Build.0 = Debug|Any CPU
		{D298EE24-013B-4D1F-B71E-5A9A6CD9B156}.Release|Any CPU.ActiveCfg = Release|Any CPU
		{D298EE24-013B-4D1F-B71E-5A9A6CD9B156}.Release|Any CPU.Build.0 = Release|Any CPU
		{77BDFA23-E81E-4AD2-9700-47C54A24A092}.Debug|Any CPU.ActiveCfg = Debug|Any CPU
		{77BDFA23-E81E-4AD2-9700-47C54A24A092}.Debug|Any CPU.Build.0 = Debug|Any CPU
		{77BDFA23-E81E-4AD2-9700-47C54A24A092}.Release|Any CPU.ActiveCfg = Release|Any CPU
		{77BDFA23-E81E-4AD2-9700-47C54A24A092}.Release|Any CPU.Build.0 = Release|Any CPU
		{BD41E4BD-73ED-4800-9D98-EDC5EE411896}.Debug|Any CPU.ActiveCfg = Debug|Any CPU
		{BD41E4BD-73ED-4800-9D98-EDC5EE411896}.Debug|Any CPU.Build.0 = Debug|Any CPU
		{BD41E4BD-73ED-4800-9D98-EDC5EE411896}.Release|Any CPU.ActiveCfg = Release|Any CPU
		{BD41E4BD-73ED-4800-9D98-EDC5EE411896}.Release|Any CPU.Build.0 = Release|Any CPU
		{8ADE56AE-5A4B-4A38-ADF4-AEC791B7E950}.Debug|Any CPU.ActiveCfg = Debug|Any CPU
		{8ADE56AE-5A4B-4A38-ADF4-AEC791B7E950}.Debug|Any CPU.Build.0 = Debug|Any CPU
		{8ADE56AE-5A4B-4A38-ADF4-AEC791B7E950}.Release|Any CPU.ActiveCfg = Release|Any CPU
		{8ADE56AE-5A4B-4A38-ADF4-AEC791B7E950}.Release|Any CPU.Build.0 = Release|Any CPU
		{E78499CD-AD74-4AD8-AC8E-4C6A3942CF1B}.Debug|Any CPU.ActiveCfg = Debug|Any CPU
		{E78499CD-AD74-4AD8-AC8E-4C6A3942CF1B}.Debug|Any CPU.Build.0 = Debug|Any CPU
		{E78499CD-AD74-4AD8-AC8E-4C6A3942CF1B}.Release|Any CPU.ActiveCfg = Release|Any CPU
		{E78499CD-AD74-4AD8-AC8E-4C6A3942CF1B}.Release|Any CPU.Build.0 = Release|Any CPU
	EndGlobalSection
EndGlobal
